
Microsoft Visual Studio Solution File, Format Version 12.00
# Visual Studio Version 17
VisualStudioVersion = 17.4.33205.214
MinimumVisualStudioVersion = 10.0.40219.1
Project("{FAE04EC0-301F-11D3-BF4B-00C04F79EFBC}") = "Playstudios.Api", "Playstudios.Api\Playstudios.Api.csproj", "{62C161E4-2B09-44C6-A810-C10445FC94C6}"
EndProject
Project("{FAE04EC0-301F-11D3-BF4B-00C04F79EFBC}") = "Playstudios.Common", "Playstudios.Common\Playstudios.Common.csproj", "{8F13D194-E4BE-4EB6-A08A-DD42397DA0AE}"
EndProject
Project("{FAE04EC0-301F-11D3-BF4B-00C04F79EFBC}") = "Playstudios.Core", "Playstudios.Core\Playstudios.Core.csproj", "{153DBED6-FDEC-4E87-9A16-123723244CA4}"
EndProject
Project("{FAE04EC0-301F-11D3-BF4B-00C04F79EFBC}") = "Playstudios.Data", "Playstudios.Data\Playstudios.Data.csproj", "{22FC78BD-AA0C-4364-965D-5D632308A6C7}"
EndProject
Global
	GlobalSection(SolutionConfigurationPlatforms) = preSolution
		Debug|Any CPU = Debug|Any CPU
		Release|Any CPU = Release|Any CPU
	EndGlobalSection
	GlobalSection(ProjectConfigurationPlatforms) = postSolution
		{62C161E4-2B09-44C6-A810-C10445FC94C6}.Debug|Any CPU.ActiveCfg = Debug|Any CPU
		{62C161E4-2B09-44C6-A810-C10445FC94C6}.Debug|Any CPU.Build.0 = Debug|Any CPU
		{62C161E4-2B09-44C6-A810-C10445FC94C6}.Release|Any CPU.ActiveCfg = Release|Any CPU
		{62C161E4-2B09-44C6-A810-C10445FC94C6}.Release|Any CPU.Build.0 = Release|Any CPU
		{8F13D194-E4BE-4EB6-A08A-DD42397DA0AE}.Debug|Any CPU.ActiveCfg = Debug|Any CPU
		{8F13D194-E4BE-4EB6-A08A-DD42397DA0AE}.Debug|Any CPU.Build.0 = Debug|Any CPU
		{8F13D194-E4BE-4EB6-A08A-DD42397DA0AE}.Release|Any CPU.ActiveCfg = Release|Any CPU
		{8F13D194-E4BE-4EB6-A08A-DD42397DA0AE}.Release|Any CPU.Build.0 = Release|Any CPU
		{153DBED6-FDEC-4E87-9A16-123723244CA4}.Debug|Any CPU.ActiveCfg = Debug|Any CPU
		{153DBED6-FDEC-4E87-9A16-123723244CA4}.Debug|Any CPU.Build.0 = Debug|Any CPU
		{153DBED6-FDEC-4E87-9A16-123723244CA4}.Release|Any CPU.ActiveCfg = Release|Any CPU
		{153DBED6-FDEC-4E87-9A16-123723244CA4}.Release|Any CPU.Build.0 = Release|Any CPU
		{22FC78BD-AA0C-4364-965D-5D632308A6C7}.Debug|Any CPU.ActiveCfg = Debug|Any CPU
		{22FC78BD-AA0C-4364-965D-5D632308A6C7}.Debug|Any CPU.Build.0 = Debug|Any CPU
		{22FC78BD-AA0C-4364-965D-5D632308A6C7}.Release|Any CPU.ActiveCfg = Release|Any CPU
		{22FC78BD-AA0C-4364-965D-5D632308A6C7}.Release|Any CPU.Build.0 = Release|Any CPU
	EndGlobalSection
	GlobalSection(SolutionProperties) = preSolution
		HideSolutionNode = FALSE
	EndGlobalSection
	GlobalSection(ExtensibilityGlobals) = postSolution
		SolutionGuid = {90270D01-D9DD-4F60-9BF1-C9DA6EA06E47}
	EndGlobalSection
EndGlobal
